
Microsoft Visual Studio Solution File, Format Version 12.00
# Visual Studio Version 17
VisualStudioVersion = 17.4.33205.214
MinimumVisualStudioVersion = 10.0.40219.1
Project("{FAE04EC0-301F-11D3-BF4B-00C04F79EFBC}") = "vabApp.Server", "vabApp\Server\vabApp.Server.csproj", "{A76F69CC-7C1E-4511-B8D2-FAD2306E12BC}"
EndProject
Project("{FAE04EC0-301F-11D3-BF4B-00C04F79EFBC}") = "vabApp.Client", "vabApp\Client\vabApp.Client.csproj", "{94FBBC57-CC43-4F43-8201-2024AC605238}"
EndProject
Project("{FAE04EC0-301F-11D3-BF4B-00C04F79EFBC}") = "vabApp.Shared", "vabApp\Shared\vabApp.Shared.csproj", "{0305328E-CB49-4E20-9C76-22B6DF28DC39}"
EndProject
Global
	GlobalSection(SolutionConfigurationPlatforms) = preSolution
		Debug|Any CPU = Debug|Any CPU
		Release|Any CPU = Release|Any CPU
	EndGlobalSection
	GlobalSection(ProjectConfigurationPlatforms) = postSolution
		{A76F69CC-7C1E-4511-B8D2-FAD2306E12BC}.Debug|Any CPU.ActiveCfg = Debug|Any CPU
		{A76F69CC-7C1E-4511-B8D2-FAD2306E12BC}.Debug|Any CPU.Build.0 = Debug|Any CPU
		{A76F69CC-7C1E-4511-B8D2-FAD2306E12BC}.Release|Any CPU.ActiveCfg = Release|Any CPU
		{A76F69CC-7C1E-4511-B8D2-FAD2306E12BC}.Release|Any CPU.Build.0 = Release|Any CPU
		{94FBBC57-CC43-4F43-8201-2024AC605238}.Debug|Any CPU.ActiveCfg = Debug|Any CPU
		{94FBBC57-CC43-4F43-8201-2024AC605238}.Debug|Any CPU.Build.0 = Debug|Any CPU
		{94FBBC57-CC43-4F43-8201-2024AC605238}.Release|Any CPU.ActiveCfg = Release|Any CPU
		{94FBBC57-CC43-4F43-8201-2024AC605238}.Release|Any CPU.Build.0 = Release|Any CPU
		{0305328E-CB49-4E20-9C76-22B6DF28DC39}.Debug|Any CPU.ActiveCfg = Debug|Any CPU
		{0305328E-CB49-4E20-9C76-22B6DF28DC39}.Debug|Any CPU.Build.0 = Debug|Any CPU
		{0305328E-CB49-4E20-9C76-22B6DF28DC39}.Release|Any CPU.ActiveCfg = Release|Any CPU
		{0305328E-CB49-4E20-9C76-22B6DF28DC39}.Release|Any CPU.Build.0 = Release|Any CPU
	EndGlobalSection
	GlobalSection(SolutionProperties) = preSolution
		HideSolutionNode = FALSE
	EndGlobalSection
	GlobalSection(ExtensibilityGlobals) = postSolution
		SolutionGuid = {34B6C5B6-BF45-4AF5-84BA-92B7CA157629}
	EndGlobalSection
EndGlobal
